
Microsoft Visual Studio Solution File, Format Version 12.00
# Visual Studio Version 16
VisualStudioVersion = 16.0.28803.202
MinimumVisualStudioVersion = 10.0.40219.1
Project("{FAE04EC0-301F-11D3-BF4B-00C04F79EFBC}") = "Week 5 - Login", "Week 5 - Login\Week 5 - Login.csproj", "{5A53EDB5-1B83-4DF1-AF20-90E3BA0C8C72}"
EndProject
Global
	GlobalSection(SolutionConfigurationPlatforms) = preSolution
		Debug|Any CPU = Debug|Any CPU
		Release|Any CPU = Release|Any CPU
	EndGlobalSection
	GlobalSection(ProjectConfigurationPlatforms) = postSolution
		{5A53EDB5-1B83-4DF1-AF20-90E3BA0C8C72}.Debug|Any CPU.ActiveCfg = Debug|Any CPU
		{5A53EDB5-1B83-4DF1-AF20-90E3BA0C8C72}.Debug|Any CPU.Build.0 = Debug|Any CPU
		{5A53EDB5-1B83-4DF1-AF20-90E3BA0C8C72}.Release|Any CPU.ActiveCfg = Release|Any CPU
		{5A53EDB5-1B83-4DF1-AF20-90E3BA0C8C72}.Release|Any CPU.Build.0 = Release|Any CPU
	EndGlobalSection
	GlobalSection(SolutionProperties) = preSolution
		HideSolutionNode = FALSE
	EndGlobalSection
	GlobalSection(ExtensibilityGlobals) = postSolution
		SolutionGuid = {13B2063F-2146-4DB3-98C2-4C7A1FC9C553}
	EndGlobalSection
EndGlobal
