
Microsoft Visual Studio Solution File, Format Version 12.00
# Visual Studio Version 16
VisualStudioVersion = 16.0.28803.202
MinimumVisualStudioVersion = 10.0.40219.1
Project("{FAE04EC0-301F-11D3-BF4B-00C04F79EFBC}") = "Week3", "Week3\Week3.csproj", "{7A4314E4-5CB7-4EBF-B008-0027D180CA0D}"
EndProject
Global
	GlobalSection(SolutionConfigurationPlatforms) = preSolution
		Debug|Any CPU = Debug|Any CPU
		Release|Any CPU = Release|Any CPU
	EndGlobalSection
	GlobalSection(ProjectConfigurationPlatforms) = postSolution
		{7A4314E4-5CB7-4EBF-B008-0027D180CA0D}.Debug|Any CPU.ActiveCfg = Debug|Any CPU
		{7A4314E4-5CB7-4EBF-B008-0027D180CA0D}.Debug|Any CPU.Build.0 = Debug|Any CPU
		{7A4314E4-5CB7-4EBF-B008-0027D180CA0D}.Release|Any CPU.ActiveCfg = Release|Any CPU
		{7A4314E4-5CB7-4EBF-B008-0027D180CA0D}.Release|Any CPU.Build.0 = Release|Any CPU
	EndGlobalSection
	GlobalSection(SolutionProperties) = preSolution
		HideSolutionNode = FALSE
	EndGlobalSection
	GlobalSection(ExtensibilityGlobals) = postSolution
		SolutionGuid = {904AADB6-E44B-4252-8159-6BC48761D20C}
	EndGlobalSection
EndGlobal
